
Microsoft Visual Studio Solution File, Format Version 12.00
# Visual Studio Version 16
VisualStudioVersion = 16.0.29827.131
MinimumVisualStudioVersion = 10.0.40219.1
Project("{FAE04EC0-301F-11D3-BF4B-00C04F79EFBC}") = "OW_TAIcheat", "OW_TAIcheat\OW_TAIcheat.csproj", "{529EB188-D953-439B-8CD2-C9D524A6F43E}"
EndProject
Global
	GlobalSection(SolutionConfigurationPlatforms) = preSolution
		Debug|Any CPU = Debug|Any CPU
		Release|Any CPU = Release|Any CPU
	EndGlobalSection
	GlobalSection(ProjectConfigurationPlatforms) = postSolution
		{529EB188-D953-439B-8CD2-C9D524A6F43E}.Debug|Any CPU.ActiveCfg = Debug|Any CPU
		{529EB188-D953-439B-8CD2-C9D524A6F43E}.Debug|Any CPU.Build.0 = Debug|Any CPU
		{529EB188-D953-439B-8CD2-C9D524A6F43E}.Release|Any CPU.ActiveCfg = Release|Any CPU
		{529EB188-D953-439B-8CD2-C9D524A6F43E}.Release|Any CPU.Build.0 = Release|Any CPU
	EndGlobalSection
	GlobalSection(SolutionProperties) = preSolution
		HideSolutionNode = FALSE
	EndGlobalSection
	GlobalSection(ExtensibilityGlobals) = postSolution
		SolutionGuid = {2946920D-8E3C-491E-AA0E-FDF9DC59228F}
	EndGlobalSection
EndGlobal
